
Microsoft Visual Studio Solution File, Format Version 12.00
# Visual Studio 2015
Project("{FAE04EC0-301F-11D3-BF4B-00C04F79EFBC}") = "COMP391_Week02", "COMP391_Week02.csproj", "{B29A4487-0860-20A3-6D17-DEF6750CBD2B}"
EndProject
Global
	GlobalSection(SolutionConfigurationPlatforms) = preSolution
		Debug|Any CPU = Debug|Any CPU
		Release|Any CPU = Release|Any CPU
	EndGlobalSection
	GlobalSection(ProjectConfigurationPlatforms) = postSolution
		{B29A4487-0860-20A3-6D17-DEF6750CBD2B}.Debug|Any CPU.ActiveCfg = Debug|Any CPU
		{B29A4487-0860-20A3-6D17-DEF6750CBD2B}.Debug|Any CPU.Build.0 = Debug|Any CPU
		{B29A4487-0860-20A3-6D17-DEF6750CBD2B}.Release|Any CPU.ActiveCfg = Release|Any CPU
		{B29A4487-0860-20A3-6D17-DEF6750CBD2B}.Release|Any CPU.Build.0 = Release|Any CPU
	EndGlobalSection
	GlobalSection(SolutionProperties) = preSolution
		HideSolutionNode = FALSE
	EndGlobalSection
EndGlobal
